
Microsoft Visual Studio Solution File, Format Version 12.00
# Visual Studio Version 17
VisualStudioVersion = 17.13.35931.197 d17.13
MinimumVisualStudioVersion = 10.0.40219.1
Project("{FAE04EC0-301F-11D3-BF4B-00C04F79EFBC}") = "CartaSurChallenge", "CartaSurChallenge\CartaSurChallenge.csproj", "{2E7F8EA3-1998-49D8-9686-FB8F9C3BD59E}"
EndProject
Global
	GlobalSection(SolutionConfigurationPlatforms) = preSolution
		Debug|Any CPU = Debug|Any CPU
		Release|Any CPU = Release|Any CPU
	EndGlobalSection
	GlobalSection(ProjectConfigurationPlatforms) = postSolution
		{2E7F8EA3-1998-49D8-9686-FB8F9C3BD59E}.Debug|Any CPU.ActiveCfg = Debug|Any CPU
		{2E7F8EA3-1998-49D8-9686-FB8F9C3BD59E}.Debug|Any CPU.Build.0 = Debug|Any CPU
		{2E7F8EA3-1998-49D8-9686-FB8F9C3BD59E}.Release|Any CPU.ActiveCfg = Release|Any CPU
		{2E7F8EA3-1998-49D8-9686-FB8F9C3BD59E}.Release|Any CPU.Build.0 = Release|Any CPU
	EndGlobalSection
	GlobalSection(SolutionProperties) = preSolution
		HideSolutionNode = FALSE
	EndGlobalSection
	GlobalSection(ExtensibilityGlobals) = postSolution
		SolutionGuid = {291668B8-A4EA-47A4-BFA4-3E6B59A56ED7}
	EndGlobalSection
EndGlobal
